schema: '2.0'
stages:
  preprocess:
    cmd: python -m recommender.pipeline.preprocess
    deps:
    - path: data/raw/order_products__prior.csv
      hash: md5
      md5: 8bca7ad1968ee8e07760b94db74461fb
      size: 577550706
    - path: data/raw/orders.csv
      hash: md5
      md5: dd0b2f4ee716409b8e79e7b1c611a0b8
      size: 108968645
    - path: src/recommender/pipeline/preprocess.py
      hash: md5
      md5: 90a64d07afbe0afa8fcffcca0b6cc0e8
      size: 2966
    outs:
    - path: data/processed/orders_merged.parquet
      hash: md5
      md5: 2852145f4558cecf9edf335db2004ec7
      size: 163027176
  feature_eng:
    cmd: python -m recommender.pipeline.feature_eng
    deps:
    - path: data/processed/orders_merged.parquet
      hash: md5
      md5: 2852145f4558cecf9edf335db2004ec7
      size: 163027176
    - path: src/recommender/pipeline/feature_eng.py
      hash: md5
      md5: cfc5532090255a940014902c42883a14
      size: 4926
    - path: src/recommender/preprocessing
      hash: md5
      md5: f51e5cf6c401084f1ceac538a95a9c84.dir
      size: 13837
      nfiles: 8
    outs:
    - path: data/processed/features_train.parquet
      hash: md5
      md5: cb2cdf34e3e9b003d9ee6b786b0b9267
      size: 220643781
    - path: data/processed/features_val.parquet
      hash: md5
      md5: d3badce5e2ba885605e6c8c3cf618440
      size: 55400914
    - path: models/product_encoder.joblib
      hash: md5
      md5: e68eb0127d0e2039b2aab54dee74b54b
      size: 199035
    - path: models/user_encoder.joblib
      hash: md5
      md5: 641e0820877b90ef38e183aa5dd34f7b
      size: 825179
    - path: models/vocab_sizes.json
      hash: md5
      md5: bedf6df8f90f58951e9bb2e485a48469
      size: 53
  train:
    cmd: python -m recommender.pipeline.train
    deps:
    - path: configs/model.yaml
      hash: md5
      md5: 886c4b7b3ab74633c84a40f396bb6970
      size: 542
    - path: configs/training.yaml
      hash: md5
      md5: c72edc80a37bcb93e9770f03b5703a4e
      size: 932
    - path: data/processed/features_train.parquet
      hash: md5
      md5: cb2cdf34e3e9b003d9ee6b786b0b9267
      size: 220643781
    - path: data/processed/features_val.parquet
      hash: md5
      md5: d3badce5e2ba885605e6c8c3cf618440
      size: 55400914
    - path: src/recommender/models
      hash: md5
      md5: 4511b805a65100ecc096b73137787278.dir
      size: 13312
      nfiles: 8
    - path: src/recommender/pipeline/common.py
      hash: md5
      md5: 7273636507b8a6880cf1da781479fa25
      size: 2271
    - path: src/recommender/pipeline/train.py
      hash: md5
      md5: 029be5d34b5c917bf9a06343607b682f
      size: 9524
    outs:
    - path: models/model.pt
      hash: md5
      md5: 34f03a5d913585722be82a5de52b0029
      size: 32841178
  evaluate:
    cmd: python -m recommender.pipeline.evaluate
    deps:
    - path: data/processed/features_val.parquet
      hash: md5
      md5: d3badce5e2ba885605e6c8c3cf618440
      size: 55400914
    - path: models/model.pt
      hash: md5
      md5: 34f03a5d913585722be82a5de52b0029
      size: 32841178
    - path: src/recommender/pipeline/evaluate.py
      hash: md5
      md5: a527b0d62cca40c2ff5f7cd0c60e7713
      size: 3867
    outs:
    - path: data/metrics.json
      hash: md5
      md5: d84a337781d2e7d7696150e8c773aa14
      size: 133
  baseline:
    cmd: python -m recommender.pipeline.baseline
    deps:
    - path: data/processed/features_train.parquet
      hash: md5
      md5: cb2cdf34e3e9b003d9ee6b786b0b9267
      size: 220643781
    - path: data/processed/features_val.parquet
      hash: md5
      md5: d3badce5e2ba885605e6c8c3cf618440
      size: 55400914
    - path: src/recommender/pipeline/baseline.py
      hash: md5
      md5: d63d941b4aefe324a5bb40c63094aff9
      size: 3403
    outs:
    - path: data/metrics_baseline.json
      hash: md5
      md5: df1258802f972ff4d1e062f96206d2be
      size: 134
